
Microsoft Visual Studio Solution File, Format Version 12.00
# Visual Studio Version 17
VisualStudioVersion = 17.2.32526.322
MinimumVisualStudioVersion = 10.0.40219.1
Project("{9A19103F-16F7-4668-BE54-9A1E7A4F7556}") = "Business", "Business\Business.csproj", "{12EC1440-A0F5-41B1-99E1-281B4D3602F6}"
EndProject
Project("{9A19103F-16F7-4668-BE54-9A1E7A4F7556}") = "DataAccess", "DataAccess\DataAccess.csproj", "{DD6B4CA6-CE93-40FD-B3DB-4B90CF89F106}"
EndProject
Project("{9A19103F-16F7-4668-BE54-9A1E7A4F7556}") = "Core", "Core\Core.csproj", "{1ADA03AD-2248-4919-84B1-B12AC9B4D3D2}"
EndProject
Project("{9A19103F-16F7-4668-BE54-9A1E7A4F7556}") = "Entities", "Entities\Entities.csproj", "{A02A04B4-04CE-40B7-9B00-ABA8238F8F83}"
EndProject
Project("{FAE04EC0-301F-11D3-BF4B-00C04F79EFBC}") = "WebAPI", "WebAPI\WebAPI.csproj", "{B78386F8-1803-4A14-A29B-ADB18E177702}"
EndProject
Global
	GlobalSection(SolutionConfigurationPlatforms) = preSolution
		Debug|Any CPU = Debug|Any CPU
		Release|Any CPU = Release|Any CPU
	EndGlobalSection
	GlobalSection(ProjectConfigurationPlatforms) = postSolution
		{12EC1440-A0F5-41B1-99E1-281B4D3602F6}.Debug|Any CPU.ActiveCfg = Debug|Any CPU
		{12EC1440-A0F5-41B1-99E1-281B4D3602F6}.Debug|Any CPU.Build.0 = Debug|Any CPU
		{12EC1440-A0F5-41B1-99E1-281B4D3602F6}.Release|Any CPU.ActiveCfg = Release|Any CPU
		{12EC1440-A0F5-41B1-99E1-281B4D3602F6}.Release|Any CPU.Build.0 = Release|Any CPU
		{DD6B4CA6-CE93-40FD-B3DB-4B90CF89F106}.Debug|Any CPU.ActiveCfg = Debug|Any CPU
		{DD6B4CA6-CE93-40FD-B3DB-4B90CF89F106}.Debug|Any CPU.Build.0 = Debug|Any CPU
		{DD6B4CA6-CE93-40FD-B3DB-4B90CF89F106}.Release|Any CPU.ActiveCfg = Release|Any CPU
		{DD6B4CA6-CE93-40FD-B3DB-4B90CF89F106}.Release|Any CPU.Build.0 = Release|Any CPU
		{1ADA03AD-2248-4919-84B1-B12AC9B4D3D2}.Debug|Any CPU.ActiveCfg = Debug|Any CPU
		{1ADA03AD-2248-4919-84B1-B12AC9B4D3D2}.Debug|Any CPU.Build.0 = Debug|Any CPU
		{1ADA03AD-2248-4919-84B1-B12AC9B4D3D2}.Release|Any CPU.ActiveCfg = Release|Any CPU
		{1ADA03AD-2248-4919-84B1-B12AC9B4D3D2}.Release|Any CPU.Build.0 = Release|Any CPU
		{A02A04B4-04CE-40B7-9B00-ABA8238F8F83}.Debug|Any CPU.ActiveCfg = Debug|Any CPU
		{A02A04B4-04CE-40B7-9B00-ABA8238F8F83}.Debug|Any CPU.Build.0 = Debug|Any CPU
		{A02A04B4-04CE-40B7-9B00-ABA8238F8F83}.Release|Any CPU.ActiveCfg = Release|Any CPU
		{A02A04B4-04CE-40B7-9B00-ABA8238F8F83}.Release|Any CPU.Build.0 = Release|Any CPU
		{B78386F8-1803-4A14-A29B-ADB18E177702}.Debug|Any CPU.ActiveCfg = Debug|Any CPU
		{B78386F8-1803-4A14-A29B-ADB18E177702}.Debug|Any CPU.Build.0 = Debug|Any CPU
		{B78386F8-1803-4A14-A29B-ADB18E177702}.Release|Any CPU.ActiveCfg = Release|Any CPU
		{B78386F8-1803-4A14-A29B-ADB18E177702}.Release|Any CPU.Build.0 = Release|Any CPU
	EndGlobalSection
	GlobalSection(SolutionProperties) = preSolution
		HideSolutionNode = FALSE
	EndGlobalSection
	GlobalSection(ExtensibilityGlobals) = postSolution
		SolutionGuid = {1BA56859-FE7B-47D6-BD11-CE91123FBDB3}
	EndGlobalSection
EndGlobal
